
Microsoft Visual Studio Solution File, Format Version 12.00
# Visual Studio 15
VisualStudioVersion = 15.0.28010.2041
MinimumVisualStudioVersion = 10.0.40219.1
Project("{FAE04EC0-301F-11D3-BF4B-00C04F79EFBC}") = "Git_project", "Git_project\Git_project.csproj", "{649A69DB-5ADC-4911-B7D6-0158823D974D}"
EndProject
Global
	GlobalSection(SolutionConfigurationPlatforms) = preSolution
		Debug|Any CPU = Debug|Any CPU
		Release|Any CPU = Release|Any CPU
	EndGlobalSection
	GlobalSection(ProjectConfigurationPlatforms) = postSolution
		{649A69DB-5ADC-4911-B7D6-0158823D974D}.Debug|Any CPU.ActiveCfg = Debug|Any CPU
		{649A69DB-5ADC-4911-B7D6-0158823D974D}.Debug|Any CPU.Build.0 = Debug|Any CPU
		{649A69DB-5ADC-4911-B7D6-0158823D974D}.Release|Any CPU.ActiveCfg = Release|Any CPU
		{649A69DB-5ADC-4911-B7D6-0158823D974D}.Release|Any CPU.Build.0 = Release|Any CPU
	EndGlobalSection
	GlobalSection(SolutionProperties) = preSolution
		HideSolutionNode = FALSE
	EndGlobalSection
	GlobalSection(ExtensibilityGlobals) = postSolution
		SolutionGuid = {EC2AA6F0-96BF-4533-A46C-DEFFC05C5BF7}
	EndGlobalSection
EndGlobal
